
Microsoft Visual Studio Solution File, Format Version 12.00
# Visual Studio Version 17
VisualStudioVersion = 17.8.34330.188
MinimumVisualStudioVersion = 10.0.40219.1
Project("{FAE04EC0-301F-11D3-BF4B-00C04F79EFBC}") = "WebAPIASS6P4", "WebAPIASS6P4\WebAPIASS6P4.csproj", "{0874FC66-9361-4052-B023-7820AA040B55}"
EndProject
Global
	GlobalSection(SolutionConfigurationPlatforms) = preSolution
		Debug|Any CPU = Debug|Any CPU
		Release|Any CPU = Release|Any CPU
	EndGlobalSection
	GlobalSection(ProjectConfigurationPlatforms) = postSolution
		{0874FC66-9361-4052-B023-7820AA040B55}.Debug|Any CPU.ActiveCfg = Debug|Any CPU
		{0874FC66-9361-4052-B023-7820AA040B55}.Debug|Any CPU.Build.0 = Debug|Any CPU
		{0874FC66-9361-4052-B023-7820AA040B55}.Release|Any CPU.ActiveCfg = Release|Any CPU
		{0874FC66-9361-4052-B023-7820AA040B55}.Release|Any CPU.Build.0 = Release|Any CPU
	EndGlobalSection
	GlobalSection(SolutionProperties) = preSolution
		HideSolutionNode = FALSE
	EndGlobalSection
	GlobalSection(ExtensibilityGlobals) = postSolution
		SolutionGuid = {D7AF9180-5F8A-4771-90EB-662D4C1A4376}
	EndGlobalSection
EndGlobal
